{
  "name": "pick-a-number.math",
  "lockfileVersion": 3,
  "requires": true,
  "packages": {
    "": {
      "dependencies": {
        "typescript-language-server": "^5.1.2"
      }
    },
    "node_modules/typescript-language-server": {
      "version": "5.1.2",
      "resolved": "https://registry.npmjs.org/typescript-language-server/-/typescript-language-server-5.1.2.tgz",
      "integrity": "sha512-6V2mfQesAlyQRC5lCoMFOvWITNw70+jcK/bXRMNXVeD89XPJGf30Qft73BToWfGD54d6/55mqsCV4zFOFDLbOQ==",
      "license": "Apache-2.0",
      "bin": {
        "typescript-language-server": "lib/cli.mjs"
      },
      "engines": {
        "node": ">=20"
      }
    }
  }
}
